
Microsoft Visual Studio Solution File, Format Version 12.00
# Visual Studio Version 17
VisualStudioVersion = 17.0.31919.166
MinimumVisualStudioVersion = 10.0.40219.1
Project("{FAE04EC0-301F-11D3-BF4B-00C04F79EFBC}") = "ToyRobot", "ToyRobot\ToyRobot.csproj", "{74960536-8219-4B5E-A86E-D4395A17F589}"
EndProject
Project("{FAE04EC0-301F-11D3-BF4B-00C04F79EFBC}") = "ToyRobotTest", "ToyRobotTest\ToyRobotTest.csproj", "{4F1423D5-4DC4-434B-BAB6-CDC04DBED8C4}"
EndProject
Global
	GlobalSection(SolutionConfigurationPlatforms) = preSolution
		Debug|Any CPU = Debug|Any CPU
		Release|Any CPU = Release|Any CPU
	EndGlobalSection
	GlobalSection(ProjectConfigurationPlatforms) = postSolution
		{74960536-8219-4B5E-A86E-D4395A17F589}.Debug|Any CPU.ActiveCfg = Debug|Any CPU
		{74960536-8219-4B5E-A86E-D4395A17F589}.Debug|Any CPU.Build.0 = Debug|Any CPU
		{74960536-8219-4B5E-A86E-D4395A17F589}.Release|Any CPU.ActiveCfg = Release|Any CPU
		{74960536-8219-4B5E-A86E-D4395A17F589}.Release|Any CPU.Build.0 = Release|Any CPU
		{4F1423D5-4DC4-434B-BAB6-CDC04DBED8C4}.Debug|Any CPU.ActiveCfg = Debug|Any CPU
		{4F1423D5-4DC4-434B-BAB6-CDC04DBED8C4}.Debug|Any CPU.Build.0 = Debug|Any CPU
		{4F1423D5-4DC4-434B-BAB6-CDC04DBED8C4}.Release|Any CPU.ActiveCfg = Release|Any CPU
		{4F1423D5-4DC4-434B-BAB6-CDC04DBED8C4}.Release|Any CPU.Build.0 = Release|Any CPU
	EndGlobalSection
	GlobalSection(SolutionProperties) = preSolution
		HideSolutionNode = FALSE
	EndGlobalSection
	GlobalSection(ExtensibilityGlobals) = postSolution
		SolutionGuid = {EFF25327-D3DD-499E-B9A2-09A5FD8F1FA9}
	EndGlobalSection
EndGlobal
